Microsoft Visual Studio Solution File, Format Version 11.00
# Visual Studio 2008

Project("{6135517A-A14B-BD8D-3B58-4B72B80E022F}") = "Minedrift", "Assembly-CSharp-firstpass.csproj", "{8D4549B6-749A-E510-FA05-C09BC18723CE}"
EndProject
Project("{6135517A-A14B-BD8D-3B58-4B72B80E022F}") = "Minedrift", "Assembly-CSharp.csproj", "{F63E1D6B-2845-12F8-59C5-D2CC1BDD85F1}"
EndProject
Project("{6135517A-A14B-BD8D-3B58-4B72B80E022F}") = "Minedrift", "Assembly-CSharp-Editor.csproj", "{01E3B9AD-3AB1-26DA-153B-A7E364481A51}"
EndProject
Global
	GlobalSection(SolutionConfigurationPlatforms) = preSolution
		Debug|Any CPU = Debug|Any CPU
		Release|Any CPU = Release|Any CPU
	EndGlobalSection
	GlobalSection(ProjectConfigurationPlatforms) = postSolution
		{8D4549B6-749A-E510-FA05-C09BC18723CE}.Debug|Any CPU.ActiveCfg = Debug|Any CPU
		{8D4549B6-749A-E510-FA05-C09BC18723CE}.Debug|Any CPU.Build.0 = Debug|Any CPU
		{8D4549B6-749A-E510-FA05-C09BC18723CE}.Release|Any CPU.ActiveCfg = Release|Any CPU
		{8D4549B6-749A-E510-FA05-C09BC18723CE}.Release|Any CPU.Build.0 = Release|Any CPU
		{F63E1D6B-2845-12F8-59C5-D2CC1BDD85F1}.Debug|Any CPU.ActiveCfg = Debug|Any CPU
		{F63E1D6B-2845-12F8-59C5-D2CC1BDD85F1}.Debug|Any CPU.Build.0 = Debug|Any CPU
		{F63E1D6B-2845-12F8-59C5-D2CC1BDD85F1}.Release|Any CPU.ActiveCfg = Release|Any CPU
		{F63E1D6B-2845-12F8-59C5-D2CC1BDD85F1}.Release|Any CPU.Build.0 = Release|Any CPU
		{01E3B9AD-3AB1-26DA-153B-A7E364481A51}.Debug|Any CPU.ActiveCfg = Debug|Any CPU
		{01E3B9AD-3AB1-26DA-153B-A7E364481A51}.Debug|Any CPU.Build.0 = Debug|Any CPU
		{01E3B9AD-3AB1-26DA-153B-A7E364481A51}.Release|Any CPU.ActiveCfg = Release|Any CPU
		{01E3B9AD-3AB1-26DA-153B-A7E364481A51}.Release|Any CPU.Build.0 = Release|Any CPU
	EndGlobalSection
	GlobalSection(SolutionProperties) = preSolution
		HideSolutionNode = FALSE
	EndGlobalSection
	GlobalSection(MonoDevelopProperties) = preSolution
		StartupItem = Assembly-CSharp.csproj
	EndGlobalSection
EndGlobal
