
Microsoft Visual Studio Solution File, Format Version 12.00
# Visual Studio 2015
Project("{FAE04EC0-301F-11D3-BF4B-00C04F79EFBC}") = "Minedrift.CSharp.Plugins", "Minedrift.CSharp.Plugins.csproj", "{35A5A748-8DA2-4A04-2264-799781E0CFA1}"
EndProject
Project("{FAE04EC0-301F-11D3-BF4B-00C04F79EFBC}") = "Minedrift.CSharp", "Minedrift.CSharp.csproj", "{6AC0F147-697F-CC83-8583-030411E3CAF9}"
EndProject
Project("{FAE04EC0-301F-11D3-BF4B-00C04F79EFBC}") = "Minedrift.CSharp.Editor", "Minedrift.CSharp.Editor.csproj", "{C784D2CC-529A-D6F5-5F38-C446C0E944F0}"
EndProject
Global
	GlobalSection(SolutionConfigurationPlatforms) = preSolution
		Debug|Any CPU = Debug|Any CPU
		Release|Any CPU = Release|Any CPU
	EndGlobalSection
	GlobalSection(ProjectConfigurationPlatforms) = postSolution
		{35A5A748-8DA2-4A04-2264-799781E0CFA1}.Debug|Any CPU.ActiveCfg = Debug|Any CPU
		{35A5A748-8DA2-4A04-2264-799781E0CFA1}.Debug|Any CPU.Build.0 = Debug|Any CPU
		{35A5A748-8DA2-4A04-2264-799781E0CFA1}.Release|Any CPU.ActiveCfg = Release|Any CPU
		{35A5A748-8DA2-4A04-2264-799781E0CFA1}.Release|Any CPU.Build.0 = Release|Any CPU
		{6AC0F147-697F-CC83-8583-030411E3CAF9}.Debug|Any CPU.ActiveCfg = Debug|Any CPU
		{6AC0F147-697F-CC83-8583-030411E3CAF9}.Debug|Any CPU.Build.0 = Debug|Any CPU
		{6AC0F147-697F-CC83-8583-030411E3CAF9}.Release|Any CPU.ActiveCfg = Release|Any CPU
		{6AC0F147-697F-CC83-8583-030411E3CAF9}.Release|Any CPU.Build.0 = Release|Any CPU
		{C784D2CC-529A-D6F5-5F38-C446C0E944F0}.Debug|Any CPU.ActiveCfg = Debug|Any CPU
		{C784D2CC-529A-D6F5-5F38-C446C0E944F0}.Debug|Any CPU.Build.0 = Debug|Any CPU
		{C784D2CC-529A-D6F5-5F38-C446C0E944F0}.Release|Any CPU.ActiveCfg = Release|Any CPU
		{C784D2CC-529A-D6F5-5F38-C446C0E944F0}.Release|Any CPU.Build.0 = Release|Any CPU
	EndGlobalSection
	GlobalSection(SolutionProperties) = preSolution
		HideSolutionNode = FALSE
	EndGlobalSection
EndGlobal
